
Microsoft Visual Studio Solution File, Format Version 12.00
# Visual Studio Version 17
VisualStudioVersion = 17.10.35004.147
MinimumVisualStudioVersion = 10.0.40219.1
Project("{9A19103F-16F7-4668-BE54-9A1E7A4F7556}") = "KoiShow.WebApp", "KoiShow.WebApp\KoiShow.WebApp.csproj", "{ECA177DA-886A-4FBD-92DF-98A58FD3E516}"
EndProject
Project("{9A19103F-16F7-4668-BE54-9A1E7A4F7556}") = "KoiShow.Service", "KoiShow.Service\KoiShow.Service.csproj", "{F5250777-4023-4ECD-B9BA-DCDB8FC33C08}"
EndProject
Project("{9A19103F-16F7-4668-BE54-9A1E7A4F7556}") = "KoiShow.Repositories", "KoiShow.Repositories\KoiShow.Repositories.csproj", "{E338DAD3-7F16-4179-BB88-6BF913AA45CC}"
EndProject
Global
	GlobalSection(SolutionConfigurationPlatforms) = preSolution
		Debug|Any CPU = Debug|Any CPU
		Release|Any CPU = Release|Any CPU
	EndGlobalSection
	GlobalSection(ProjectConfigurationPlatforms) = postSolution
		{ECA177DA-886A-4FBD-92DF-98A58FD3E516}.Debug|Any CPU.ActiveCfg = Debug|Any CPU
		{ECA177DA-886A-4FBD-92DF-98A58FD3E516}.Debug|Any CPU.Build.0 = Debug|Any CPU
		{ECA177DA-886A-4FBD-92DF-98A58FD3E516}.Release|Any CPU.ActiveCfg = Release|Any CPU
		{ECA177DA-886A-4FBD-92DF-98A58FD3E516}.Release|Any CPU.Build.0 = Release|Any CPU
		{F5250777-4023-4ECD-B9BA-DCDB8FC33C08}.Debug|Any CPU.ActiveCfg = Debug|Any CPU
		{F5250777-4023-4ECD-B9BA-DCDB8FC33C08}.Debug|Any CPU.Build.0 = Debug|Any CPU
		{F5250777-4023-4ECD-B9BA-DCDB8FC33C08}.Release|Any CPU.ActiveCfg = Release|Any CPU
		{F5250777-4023-4ECD-B9BA-DCDB8FC33C08}.Release|Any CPU.Build.0 = Release|Any CPU
		{E338DAD3-7F16-4179-BB88-6BF913AA45CC}.Debug|Any CPU.ActiveCfg = Debug|Any CPU
		{E338DAD3-7F16-4179-BB88-6BF913AA45CC}.Debug|Any CPU.Build.0 = Debug|Any CPU
		{E338DAD3-7F16-4179-BB88-6BF913AA45CC}.Release|Any CPU.ActiveCfg = Release|Any CPU
		{E338DAD3-7F16-4179-BB88-6BF913AA45CC}.Release|Any CPU.Build.0 = Release|Any CPU
	EndGlobalSection
	GlobalSection(SolutionProperties) = preSolution
		HideSolutionNode = FALSE
	EndGlobalSection
	GlobalSection(ExtensibilityGlobals) = postSolution
		SolutionGuid = {47B257B8-B4FD-4972-B2F4-42C713559567}
	EndGlobalSection
EndGlobal
